// !$*UTF8*$!
{
	archiveVersion = 1;
	classes = {
	};
	objectVersion = 56;
	objects = {

/* Begin PBXBuildFile section */
		AE4CD5DC28F83F9200E5EF17 /* AppDelegate.swift in Sources */ = {isa = PBXBuildFile; fileRef = AE4CD5DB28F83F9200E5EF17 /* AppDelegate.swift */; };
		AE4CD5DE28F83F9200E5EF17 /* SceneDelegate.swift in Sources */ = {isa = PBXBuildFile; fileRef = AE4CD5DD28F83F9200E5EF17 /* SceneDelegate.swift */; };
		AE4CD5E028F83F9200E5EF17 /* ViewController.swift in Sources */ = {isa = PBXBuildFile; fileRef = AE4CD5DF28F83F9200E5EF17 /* ViewController.swift */; };
		AE4CD5E628F83F9200E5EF17 /* Individual_Challenge.xcdatamodeld in Sources */ = {isa = PBXBuildFile; fileRef = AE4CD5E428F83F9200E5EF17 /* Individual_Challenge.xcdatamodeld */; };
		AE4CD5E828F83F9300E5EF17 /* Assets.xcassets in Resources */ = {isa = PBXBuildFile; fileRef = AE4CD5E728F83F9300E5EF17 /* Assets.xcassets */; };
		AE4CD5EB28F83F9300E5EF17 /* LaunchScreen.storyboard in Resources */ = {isa = PBXBuildFile; fileRef = AE4CD5E928F83F9300E5EF17 /* LaunchScreen.storyboard */; };
		AE6630EE28F9A7140059F032 /* TableViewCell.swift in Sources */ = {isa = PBXBuildFile; fileRef = AE6630ED28F9A7140059F032 /* TableViewCell.swift */; };
		AECBA8A528F84D0400E6C16C /* SearchUserController.swift in Sources */ = {isa = PBXBuildFile; fileRef = AECBA8A428F84D0400E6C16C /* SearchUserController.swift */; };
		AECBA8A728F84D7400E6C16C /* Model.swift in Sources */ = {isa = PBXBuildFile; fileRef = AECBA8A628F84D7400E6C16C /* Model.swift */; };
		AECBA8A928F8506D00E6C16C /* API.swift in Sources */ = {isa = PBXBuildFile; fileRef = AECBA8A828F8506D00E6C16C /* API.swift */; };
		AECBA8AD28F89EBE00E6C16C /* UserRepositoryController.swift in Sources */ = {isa = PBXBuildFile; fileRef = AECBA8AC28F89EBE00E6C16C /* UserRepositoryController.swift */; };
/* End PBXBuildFile section */

/* Begin PBXFileReference section */
		AE4CD5D828F83F9200E5EF17 /* Individual Challenge.app */ = {isa = PBXFileReference; explicitFileType = wrapper.application; includeInIndex = 0; path = "Individual Challenge.app"; sourceTree = BUILT_PRODUCTS_DIR; };
		AE4CD5DB28F83F9200E5EF17 /* AppDelegate.swift */ = {isa = PBXFileReference; lastKnownFileType = sourcecode.swift; path = AppDelegate.swift; sourceTree = "<group>"; };
		AE4CD5DD28F83F9200E5EF17 /* SceneDelegate.swift */ = {isa = PBXFileReference; lastKnownFileType = sourcecode.swift; path = SceneDelegate.swift; sourceTree = "<group>"; };
		AE4CD5DF28F83F9200E5EF17 /* ViewController.swift */ = {isa = PBXFileReference; lastKnownFileType = sourcecode.swift; path = ViewController.swift; sourceTree = "<group>"; };
		AE4CD5E528F83F9200E5EF17 /* Individual_Challenge.xcdatamodel */ = {isa = PBXFileReference; lastKnownFileType = wrapper.xcdatamodel; path = Individual_Challenge.xcdatamodel; sourceTree = "<group>"; };
		AE4CD5E728F83F9300E5EF17 /* Assets.xcassets */ = {isa = PBXFileReference; lastKnownFileType = folder.assetcatalog; path = Assets.xcassets; sourceTree = "<group>"; };
		AE4CD5EA28F83F9300E5EF17 /* Base */ = {isa = PBXFileReference; lastKnownFileType = file.storyboard; name = Base; path = Base.lproj/LaunchScreen.storyboard; sourceTree = "<group>"; };
		AE4CD5EC28F83F9300E5EF17 /* Info.plist */ = {isa = PBXFileReference; lastKnownFileType = text.plist.xml; path = Info.plist; sourceTree = "<group>"; };
		AE6630ED28F9A7140059F032 /* TableViewCell.swift */ = {isa = PBXFileReference; lastKnownFileType = sourcecode.swift; path = TableViewCell.swift; sourceTree = "<group>"; };
		AECBA8A428F84D0400E6C16C /* SearchUserController.swift */ = {isa = PBXFileReference; lastKnownFileType = sourcecode.swift; path = SearchUserController.swift; sourceTree = "<group>"; };
		AECBA8A628F84D7400E6C16C /* Model.swift */ = {isa = PBXFileReference; lastKnownFileType = sourcecode.swift; path = Model.swift; sourceTree = "<group>"; };
		AECBA8A828F8506D00E6C16C /* API.swift */ = {isa = PBXFileReference; lastKnownFileType = sourcecode.swift; path = API.swift; sourceTree = "<group>"; };
		AECBA8AC28F89EBE00E6C16C /* UserRepositoryController.swift */ = {isa = PBXFileReference; lastKnownFileType = sourcecode.swift; path = UserRepositoryController.swift; sourceTree = "<group>"; };
/* End PBXFileReference section */

/* Begin PBXFrameworksBuildPhase section */
		AE4CD5D528F83F9200E5EF17 /* Frameworks */ = {
			isa = PBXFrameworksBuildPhase;
			buildActionMask = 2147483647;
			files = (
			);
			runOnlyForDeploymentPostprocessing = 0;
		};
/* End PBXFrameworksBuildPhase section */

/* Begin PBXGroup section */
		AE08E34928F9871F008BA439 /* Request */ = {
			isa = PBXGroup;
			children = (
				AECBA8A828F8506D00E6C16C /* API.swift */,
			);
			name = Request;
			sourceTree = "<group>";
		};
		AE4CD5CF28F83F9200E5EF17 = {
			isa = PBXGroup;
			children = (
				AE4CD5DA28F83F9200E5EF17 /* Individual Challenge */,
				AE4CD5D928F83F9200E5EF17 /* Products */,
			);
			sourceTree = "<group>";
		};
		AE4CD5D928F83F9200E5EF17 /* Products */ = {
			isa = PBXGroup;
			children = (
				AE4CD5D828F83F9200E5EF17 /* Individual Challenge.app */,
			);
			name = Products;
			sourceTree = "<group>";
		};
		AE4CD5DA28F83F9200E5EF17 /* Individual Challenge */ = {
			isa = PBXGroup;
			children = (
				AE4CD5DB28F83F9200E5EF17 /* AppDelegate.swift */,
				AE4CD5DD28F83F9200E5EF17 /* SceneDelegate.swift */,
				AE4CD5F828F842AC00E5EF17 /* Controller */,
				AE4CD5F928F842B200E5EF17 /* Model */,
				AE08E34928F9871F008BA439 /* Request */,
				AE4CD5F628F8429600E5EF17 /* Files */,
			);
			path = "Individual Challenge";
			sourceTree = "<group>";
		};
		AE4CD5F628F8429600E5EF17 /* Files */ = {
			isa = PBXGroup;
			children = (
				AE4CD5E728F83F9300E5EF17 /* Assets.xcassets */,
				AE4CD5E928F83F9300E5EF17 /* LaunchScreen.storyboard */,
				AE4CD5EC28F83F9300E5EF17 /* Info.plist */,
				AE4CD5E428F83F9200E5EF17 /* Individual_Challenge.xcdatamodeld */,
			);
			name = Files;
			sourceTree = "<group>";
		};
		AE4CD5F728F842A500E5EF17 /* View */ = {
			isa = PBXGroup;
			children = (
				AE4CD5DF28F83F9200E5EF17 /* ViewController.swift */,
				AE6630ED28F9A7140059F032 /* TableViewCell.swift */,
			);
			path = View;
			sourceTree = "<group>";
		};
		AE4CD5F828F842AC00E5EF17 /* Controller */ = {
			isa = PBXGroup;
			children = (
				AECBA8A428F84D0400E6C16C /* SearchUserController.swift */,
				AECBA8AC28F89EBE00E6C16C /* UserRepositoryController.swift */,
				AE4CD5F728F842A500E5EF17 /* View */,
			);
			name = Controller;
			sourceTree = "<group>";
		};
		AE4CD5F928F842B200E5EF17 /* Model */ = {
			isa = PBXGroup;
			children = (
				AECBA8A628F84D7400E6C16C /* Model.swift */,
			);
			path = Model;
			sourceTree = "<group>";
		};
/* End PBXGroup section */

/* Begin PBXNativeTarget section */
		AE4CD5D728F83F9200E5EF17 /* Individual Challenge */ = {
			isa = PBXNativeTarget;
			buildConfigurationList = AE4CD5EF28F83F9300E5EF17 /* Build configuration list for PBXNativeTarget "Individual Challenge" */;
			buildPhases = (
				AE4CD5D428F83F9200E5EF17 /* Sources */,
				AE4CD5D528F83F9200E5EF17 /* Frameworks */,
				AE4CD5D628F83F9200E5EF17 /* Resources */,
			);
			buildRules = (
			);
			dependencies = (
			);
			name = "Individual Challenge";
			productName = "Individual Challenge";
			productReference = AE4CD5D828F83F9200E5EF17 /* Individual Challenge.app */;
			productType = "com.apple.product-type.application";
		};
/* End PBXNativeTarget section */

/* Begin PBXProject section */
		AE4CD5D028F83F9200E5EF17 /* Project object */ = {
			isa = PBXProject;
			attributes = {
				BuildIndependentTargetsInParallel = 1;
				LastSwiftUpdateCheck = 1400;
				LastUpgradeCheck = 1400;
				TargetAttributes = {
					AE4CD5D728F83F9200E5EF17 = {
						CreatedOnToolsVersion = 14.0.1;
					};
				};
			};
			buildConfigurationList = AE4CD5D328F83F9200E5EF17 /* Build configuration list for PBXProject "Individual Challenge" */;
			compatibilityVersion = "Xcode 14.0";
			developmentRegion = en;
			hasScannedForEncodings = 0;
			knownRegions = (
				en,
				Base,
			);
			mainGroup = AE4CD5CF28F83F9200E5EF17;
			productRefGroup = AE4CD5D928F83F9200E5EF17 /* Products */;
			projectDirPath = "";
			projectRoot = "";
			targets = (
				AE4CD5D728F83F9200E5EF17 /* Individual Challenge */,
			);
		};
/* End PBXProject section */

/* Begin PBXResourcesBuildPhase section */
		AE4CD5D628F83F9200E5EF17 /* Resources */ = {
			isa = PBXResourcesBuildPhase;
			buildActionMask = 2147483647;
			files = (
				AE4CD5EB28F83F9300E5EF17 /* LaunchScreen.storyboard in Resources */,
				AE4CD5E828F83F9300E5EF17 /* Assets.xcassets in Resources */,
			);
			runOnlyForDeploymentPostprocessing = 0;
		};
/* End PBXResourcesBuildPhase section */

/* Begin PBXSourcesBuildPhase section */
		AE4CD5D428F83F9200E5EF17 /* Sources */ = {
			isa = PBXSourcesBuildPhase;
			buildActionMask = 2147483647;
			files = (
				AECBA8A528F84D0400E6C16C /* SearchUserController.swift in Sources */,
				AE4CD5E628F83F9200E5EF17 /* Individual_Challenge.xcdatamodeld in Sources */,
				AECBA8A928F8506D00E6C16C /* API.swift in Sources */,
				AE6630EE28F9A7140059F032 /* TableViewCell.swift in Sources */,
				AE4CD5E028F83F9200E5EF17 /* ViewController.swift in Sources */,
				AECBA8A728F84D7400E6C16C /* Model.swift in Sources */,
				AE4CD5DC28F83F9200E5EF17 /* AppDelegate.swift in Sources */,
				AE4CD5DE28F83F9200E5EF17 /* SceneDelegate.swift in Sources */,
				AECBA8AD28F89EBE00E6C16C /* UserRepositoryController.swift in Sources */,
			);
			runOnlyForDeploymentPostprocessing = 0;
		};
/* End PBXSourcesBuildPhase section */

/* Begin PBXVariantGroup section */
		AE4CD5E928F83F9300E5EF17 /* LaunchScreen.storyboard */ = {
			isa = PBXVariantGroup;
			children = (
				AE4CD5EA28F83F9300E5EF17 /* Base */,
			);
			name = LaunchScreen.storyboard;
			sourceTree = "<group>";
		};
/* End PBXVariantGroup section */

/* Begin XCBuildConfiguration section */
		AE4CD5ED28F83F9300E5EF17 /* Debug */ = {
			isa = XCBuildConfiguration;
			buildSettings = {
				ALWAYS_SEARCH_USER_PATHS = NO;
				CLANG_ANALYZER_NONNULL = YES;
				CLANG_ANALYZER_NUMBER_OBJECT_CONVERSION = YES_AGGRESSIVE;
				CLANG_CXX_LANGUAGE_STANDARD = "gnu++20";
				CLANG_ENABLE_MODULES = YES;
				CLANG_ENABLE_OBJC_ARC = YES;
				CLANG_ENABLE_OBJC_WEAK = YES;
				CLANG_WARN_BLOCK_CAPTURE_AUTORELEASING = YES;
				CLANG_WARN_BOOL_CONVERSION = YES;
				CLANG_WARN_COMMA = YES;
				CLANG_WARN_CONSTANT_CONVERSION = YES;
				CLANG_WARN_DEPRECATED_OBJC_IMPLEMENTATIONS = YES;
				CLANG_WARN_DIRECT_OBJC_ISA_USAGE = YES_ERROR;
				CLANG_WARN_DOCUMENTATION_COMMENTS = YES;
				CLANG_WARN_EMPTY_BODY = YES;
				CLANG_WARN_ENUM_CONVERSION = YES;
				CLANG_WARN_INFINITE_RECURSION = YES;
				CLANG_WARN_INT_CONVERSION = YES;
				CLANG_WARN_NON_LITERAL_NULL_CONVERSION = YES;
				CLANG_WARN_OBJC_IMPLICIT_RETAIN_SELF = YES;
				CLANG_WARN_OBJC_LITERAL_CONVERSION = YES;
				CLANG_WARN_OBJC_ROOT_CLASS = YES_ERROR;
				CLANG_WARN_QUOTED_INCLUDE_IN_FRAMEWORK_HEADER = YES;
				CLANG_WARN_RANGE_LOOP_ANALYSIS = YES;
				CLANG_WARN_STRICT_PROTOTYPES = YES;
				CLANG_WARN_SUSPICIOUS_MOVE = YES;
				CLANG_WARN_UNGUARDED_AVAILABILITY = YES_AGGRESSIVE;
				CLANG_WARN_UNREACHABLE_CODE = YES;
				CLANG_WARN__DUPLICATE_METHOD_MATCH = YES;
				COPY_PHASE_STRIP = NO;
				DEBUG_INFORMATION_FORMAT = dwarf;
				ENABLE_STRICT_OBJC_MSGSEND = YES;
				ENABLE_TESTABILITY = YES;
				GCC_C_LANGUAGE_STANDARD = gnu11;
				GCC_DYNAMIC_NO_PIC = NO;
				GCC_NO_COMMON_BLOCKS = YES;
				GCC_OPTIMIZATION_LEVEL = 0;
				GCC_PREPROCESSOR_DEFINITIONS = (
					"DEBUG=1",
					"$(inherited)",
				);
				GCC_WARN_64_TO_32_BIT_CONVERSION = YES;
				GCC_WARN_ABOUT_RETURN_TYPE = YES_ERROR;
				GCC_WARN_UNDECLARED_SELECTOR = YES;
				GCC_WARN_UNINITIALIZED_AUTOS = YES_AGGRESSIVE;
				GCC_WARN_UNUSED_FUNCTION = YES;
				GCC_WARN_UNUSED_VARIABLE = YES;
				IPHONEOS_DEPLOYMENT_TARGET = 16.0;
				MTL_ENABLE_DEBUG_INFO = INCLUDE_SOURCE;
				MTL_FAST_MATH = YES;
				ONLY_ACTIVE_ARCH = YES;
				SDKROOT = iphoneos;
				SWIFT_ACTIVE_COMPILATION_CONDITIONS = DEBUG;
				SWIFT_OPTIMIZATION_LEVEL = "-Onone";
			};
			name = Debug;
		};
		AE4CD5EE28F83F9300E5EF17 /* Release */ = {
			isa = XCBuildConfiguration;
			buildSettings = {
				ALWAYS_SEARCH_USER_PATHS = NO;
				CLANG_ANALYZER_NONNULL = YES;
				CLANG_ANALYZER_NUMBER_OBJECT_CONVERSION = YES_AGGRESSIVE;
				CLANG_CXX_LANGUAGE_STANDARD = "gnu++20";
				CLANG_ENABLE_MODULES = YES;
				CLANG_ENABLE_OBJC_ARC = YES;
				CLANG_ENABLE_OBJC_WEAK = YES;
				CLANG_WARN_BLOCK_CAPTURE_AUTORELEASING = YES;
				CLANG_WARN_BOOL_CONVERSION = YES;
				CLANG_WARN_COMMA = YES;
				CLANG_WARN_CONSTANT_CONVERSION = YES;
				CLANG_WARN_DEPRECATED_OBJC_IMPLEMENTATIONS = YES;
				CLANG_WARN_DIRECT_OBJC_ISA_USAGE = YES_ERROR;
				CLANG_WARN_DOCUMENTATION_COMMENTS = YES;
				CLANG_WARN_EMPTY_BODY = YES;
				CLANG_WARN_ENUM_CONVERSION = YES;
				CLANG_WARN_INFINITE_RECURSION = YES;
				CLANG_WARN_INT_CONVERSION = YES;
				CLANG_WARN_NON_LITERAL_NULL_CONVERSION = YES;
				CLANG_WARN_OBJC_IMPLICIT_RETAIN_SELF = YES;
				CLANG_WARN_OBJC_LITERAL_CONVERSION = YES;
				CLANG_WARN_OBJC_ROOT_CLASS = YES_ERROR;
				CLANG_WARN_QUOTED_INCLUDE_IN_FRAMEWORK_HEADER = YES;
				CLANG_WARN_RANGE_LOOP_ANALYSIS = YES;
				CLANG_WARN_STRICT_PROTOTYPES = YES;
				CLANG_WARN_SUSPICIOUS_MOVE = YES;
				CLANG_WARN_UNGUARDED_AVAILABILITY = YES_AGGRESSIVE;
				CLANG_WARN_UNREACHABLE_CODE = YES;
				CLANG_WARN__DUPLICATE_METHOD_MATCH = YES;
				COPY_PHASE_STRIP = NO;
				DEBUG_INFORMATION_FORMAT = "dwarf-with-dsym";
				ENABLE_NS_ASSERTIONS = NO;
				ENABLE_STRICT_OBJC_MSGSEND = YES;
				GCC_C_LANGUAGE_STANDARD = gnu11;
				GCC_NO_COMMON_BLOCKS = YES;
				GCC_WARN_64_TO_32_BIT_CONVERSION = YES;
				GCC_WARN_ABOUT_RETURN_TYPE = YES_ERROR;
				GCC_WARN_UNDECLARED_SELECTOR = YES;
				GCC_WARN_UNINITIALIZED_AUTOS = YES_AGGRESSIVE;
				GCC_WARN_UNUSED_FUNCTION = YES;
				GCC_WARN_UNUSED_VARIABLE = YES;
				IPHONEOS_DEPLOYMENT_TARGET = 16.0;
				MTL_ENABLE_DEBUG_INFO = NO;
				MTL_FAST_MATH = YES;
				SDKROOT = iphoneos;
				SWIFT_COMPILATION_MODE = wholemodule;
				SWIFT_OPTIMIZATION_LEVEL = "-O";
				VALIDATE_PRODUCT = YES;
			};
			name = Release;
		};
		AE4CD5F028F83F9300E5EF17 /* Debug */ = {
			isa = XCBuildConfiguration;
			buildSettings = {
				ASSETCATALOG_COMPILER_APPICON_NAME = AppIcon;
				ASSETCATALOG_COMPILER_GLOBAL_ACCENT_COLOR_NAME = AccentColor;
				CODE_SIGN_STYLE = Automatic;
				CURRENT_PROJECT_VERSION = 1;
				DEVELOPMENT_TEAM = XPQY9CM5FF;
				GENERATE_INFOPLIST_FILE = YES;
				INFOPLIST_FILE = "Individual Challenge/Info.plist";
				INFOPLIST_KEY_UIApplicationSupportsIndirectInputEvents = YES;
				INFOPLIST_KEY_UILaunchStoryboardName = LaunchScreen;
				INFOPLIST_KEY_UISupportedInterfaceOrientations_iPad = "UIInterfaceOrientationPortrait UIInterfaceOrientationPortraitUpsideDown UIInterfaceOrientationLandscapeLeft UIInterfaceOrientationLandscapeRight";
				INFOPLIST_KEY_UISupportedInterfaceOrientations_iPhone = "UIInterfaceOrientationPortrait UIInterfaceOrientationLandscapeLeft UIInterfaceOrientationLandscapeRight";
				LD_RUNPATH_SEARCH_PATHS = (
					"$(inherited)",
					"@executable_path/Frameworks",
				);
				MARKETING_VERSION = 1.0;
				PRODUCT_BUNDLE_IDENTIFIER = "apple.academy.Individual-Challenge";
				PRODUCT_NAME = "$(TARGET_NAME)";
				SWIFT_EMIT_LOC_STRINGS = YES;
				SWIFT_VERSION = 5.0;
				TARGETED_DEVICE_FAMILY = "1,2";
			};
			name = Debug;
		};
		AE4CD5F128F83F9300E5EF17 /* Release */ = {
			isa = XCBuildConfiguration;
			buildSettings = {
				ASSETCATALOG_COMPILER_APPICON_NAME = AppIcon;
				ASSETCATALOG_COMPILER_GLOBAL_ACCENT_COLOR_NAME = AccentColor;
				CODE_SIGN_STYLE = Automatic;
				CURRENT_PROJECT_VERSION = 1;
				DEVELOPMENT_TEAM = XPQY9CM5FF;
				GENERATE_INFOPLIST_FILE = YES;
				INFOPLIST_FILE = "Individual Challenge/Info.plist";
				INFOPLIST_KEY_UIApplicationSupportsIndirectInputEvents = YES;
				INFOPLIST_KEY_UILaunchStoryboardName = LaunchScreen;
				INFOPLIST_KEY_UISupportedInterfaceOrientations_iPad = "UIInterfaceOrientationPortrait UIInterfaceOrientationPortraitUpsideDown UIInterfaceOrientationLandscapeLeft UIInterfaceOrientationLandscapeRight";
				INFOPLIST_KEY_UISupportedInterfaceOrientations_iPhone = "UIInterfaceOrientationPortrait UIInterfaceOrientationLandscapeLeft UIInterfaceOrientationLandscapeRight";
				LD_RUNPATH_SEARCH_PATHS = (
					"$(inherited)",
					"@executable_path/Frameworks",
				);
				MARKETING_VERSION = 1.0;
				PRODUCT_BUNDLE_IDENTIFIER = "apple.academy.Individual-Challenge";
				PRODUCT_NAME = "$(TARGET_NAME)";
				SWIFT_EMIT_LOC_STRINGS = YES;
				SWIFT_VERSION = 5.0;
				TARGETED_DEVICE_FAMILY = "1,2";
			};
			name = Release;
		};
/* End XCBuildConfiguration section */

/* Begin XCConfigurationList section */
		AE4CD5D328F83F9200E5EF17 /* Build configuration list for PBXProject "Individual Challenge" */ = {
			isa = XCConfigurationList;
			buildConfigurations = (
				AE4CD5ED28F83F9300E5EF17 /* Debug */,
				AE4CD5EE28F83F9300E5EF17 /* Release */,
			);
			defaultConfigurationIsVisible = 0;
			defaultConfigurationName = Release;
		};
		AE4CD5EF28F83F9300E5EF17 /* Build configuration list for PBXNativeTarget "Individual Challenge" */ = {
			isa = XCConfigurationList;
			buildConfigurations = (
				AE4CD5F028F83F9300E5EF17 /* Debug */,
				AE4CD5F128F83F9300E5EF17 /* Release */,
			);
			defaultConfigurationIsVisible = 0;
			defaultConfigurationName = Release;
		};
/* End XCConfigurationList section */

/* Begin XCVersionGroup section */
		AE4CD5E428F83F9200E5EF17 /* Individual_Challenge.xcdatamodeld */ = {
			isa = XCVersionGroup;
			children = (
				AE4CD5E528F83F9200E5EF17 /* Individual_Challenge.xcdatamodel */,
			);
			currentVersion = AE4CD5E528F83F9200E5EF17 /* Individual_Challenge.xcdatamodel */;
			path = Individual_Challenge.xcdatamodeld;
			sourceTree = "<group>";
			versionGroupType = wrapper.xcdatamodel;
		};
/* End XCVersionGroup section */
	};
	rootObject = AE4CD5D028F83F9200E5EF17 /* Project object */;
}
